
Microsoft Visual Studio Solution File, Format Version 12.00
# Visual Studio Version 17
VisualStudioVersion = 17.6.33712.159
MinimumVisualStudioVersion = 10.0.40219.1
Project("{2150E333-8FDC-42A3-9474-1A3956D46DE8}") = "src", "src", "{84058326-E5B2-4E65-9F0A-5A9E2960CC7B}"
EndProject
Project("{2150E333-8FDC-42A3-9474-1A3956D46DE8}") = "Solution Items", "Solution Items", "{65F8B80E-E635-4574-B8DD-C50A9C827416}"
	ProjectSection(SolutionItems) = preProject
		ServiceUrls.txt = ServiceUrls.txt
	EndProjectSection
EndProject
Project("{2150E333-8FDC-42A3-9474-1A3956D46DE8}") = "ApiGateways", "ApiGateways", "{30CA5DFB-FF43-48D5-BDC1-CF25663EDC14}"
EndProject
Project("{2150E333-8FDC-42A3-9474-1A3956D46DE8}") = "BuildingBlocks", "BuildingBlocks", "{03AA8D1E-BD17-445D-A083-1DF354646A08}"
EndProject
Project("{2150E333-8FDC-42A3-9474-1A3956D46DE8}") = "Services", "Services", "{1429A994-ECF8-4E16-9730-C7780BDA764D}"
EndProject
Project("{2150E333-8FDC-42A3-9474-1A3956D46DE8}") = "Clients", "Clients", "{99789F26-4FFF-46C2-B7F0-182D06E07FE8}"
EndProject
Project("{2150E333-8FDC-42A3-9474-1A3956D46DE8}") = "WebApiGateway", "WebApiGateway", "{654EA20C-5220-4A65-AE10-77CC639B2E5F}"
EndProject
Project("{FAE04EC0-301F-11D3-BF4B-00C04F79EFBC}") = "Web.ApiGateway", "src\ApiGateways\WebApiGateway\Web.ApiGateway\Web.ApiGateway.csproj", "{9E2AA5E9-332A-4582-AC22-B50DE2E02EA2}"
EndProject
Project("{2150E333-8FDC-42A3-9474-1A3956D46DE8}") = "EventBus", "EventBus", "{BAB4A54C-5079-4667-9E51-20862F18FFDB}"
EndProject
Project("{FAE04EC0-301F-11D3-BF4B-00C04F79EFBC}") = "EventBus.Base", "src\BuildingBlocks\EventBus\EventBus.Base\EventBus.Base.csproj", "{C9927368-9D94-43C2-AF14-D6343EB32027}"
EndProject
Project("{FAE04EC0-301F-11D3-BF4B-00C04F79EFBC}") = "EventBus.Factory", "src\BuildingBlocks\EventBus\EventBus.Factory\EventBus.Factory.csproj", "{AB96A688-D9DC-467D-9615-2DA2E983FDF1}"
EndProject
Project("{FAE04EC0-301F-11D3-BF4B-00C04F79EFBC}") = "EventBus.AzureServiceBus", "src\BuildingBlocks\EventBus\EventBus.AzureServiceBus\EventBus.AzureServiceBus.csproj", "{B1DB6E37-9360-470F-AC5D-618FD97A338C}"
EndProject
Project("{FAE04EC0-301F-11D3-BF4B-00C04F79EFBC}") = "EventBus.RabbitMQ", "src\BuildingBlocks\EventBus\EventBus.RabbitMQ\EventBus.RabbitMQ.csproj", "{2721A275-A21B-46AA-8012-8A02080144ED}"
EndProject
Project("{2150E333-8FDC-42A3-9474-1A3956D46DE8}") = "BlazorWebApp", "BlazorWebApp", "{94DBFBEF-7618-4373-AFD1-F4E85D208D34}"
EndProject
Project("{FAE04EC0-301F-11D3-BF4B-00C04F79EFBC}") = "WebApp", "src\Client\BlazorWebApp\WebApp\WebApp.csproj", "{B85A69C9-F265-4F59-AF4E-F110F9EB8836}"
EndProject
Project("{2150E333-8FDC-42A3-9474-1A3956D46DE8}") = "BasketService", "BasketService", "{2EB264C7-912A-4B61-A743-395A00AD7B40}"
EndProject
Project("{FAE04EC0-301F-11D3-BF4B-00C04F79EFBC}") = "BasketService.Api", "src\Services\BasketService\BasketService.Api\BasketService.Api.csproj", "{4D912ADA-9935-4258-948D-FB46E9858E86}"
EndProject
Project("{2150E333-8FDC-42A3-9474-1A3956D46DE8}") = "CatalogService", "CatalogService", "{27D6999B-5215-4F75-A6FB-41B6EC2615AF}"
EndProject
Project("{FAE04EC0-301F-11D3-BF4B-00C04F79EFBC}") = "CatalogService.Api", "src\Services\CatalogService\CatalogService.Api\CatalogService.Api.csproj", "{0503F7ED-E658-47BA-A06E-01BF31B7E235}"
EndProject
Project("{2150E333-8FDC-42A3-9474-1A3956D46DE8}") = "IdentityService", "IdentityService", "{5DBF7E72-B9E0-4C33-8BAD-0F20DA767518}"
EndProject
Project("{FAE04EC0-301F-11D3-BF4B-00C04F79EFBC}") = "IdentityService.Api", "src\Services\IdentityService\IdentityService.Api\IdentityService.Api.csproj", "{C93E9E0F-F1E3-4771-ACB0-D3A4374C822C}"
EndProject
Project("{2150E333-8FDC-42A3-9474-1A3956D46DE8}") = "NotificationService", "NotificationService", "{AAE40C62-403F-4F47-A070-211D0A8DC310}"
EndProject
Project("{FAE04EC0-301F-11D3-BF4B-00C04F79EFBC}") = "NotificationService", "src\Services\NotificationService\NotificationService\NotificationService.csproj", "{1273D6C9-1552-4585-AE4F-65BED09F76B8}"
EndProject
Project("{2150E333-8FDC-42A3-9474-1A3956D46DE8}") = "OrderService", "OrderService", "{73ADFA99-2A14-473F-A683-0EC89E0348A4}"
EndProject
Project("{FAE04EC0-301F-11D3-BF4B-00C04F79EFBC}") = "OrderService.Domain", "src\Services\OrderService\OrderService.Domain\OrderService.Domain.csproj", "{CAC27389-1017-4A2F-AC62-1EE697C1C361}"
EndProject
Project("{FAE04EC0-301F-11D3-BF4B-00C04F79EFBC}") = "OrderService.Application", "src\Services\OrderService\OrderService.Application\OrderService.Application.csproj", "{6FF7C917-3508-47C4-AA87-367EE4E02EFB}"
EndProject
Project("{FAE04EC0-301F-11D3-BF4B-00C04F79EFBC}") = "OrderService.Infrastructure", "src\Services\OrderService\OrderService.Infrastructure\OrderService.Infrastructure.csproj", "{FBB7453D-28B8-4171-BE96-19BD180ABDA6}"
EndProject
Project("{FAE04EC0-301F-11D3-BF4B-00C04F79EFBC}") = "OrderService.Api", "src\Services\OrderService\OrderService.Api\OrderService.Api.csproj", "{ECDEBE1A-55F5-4684-BDEB-7BB3FBBEEC90}"
EndProject
Project("{2150E333-8FDC-42A3-9474-1A3956D46DE8}") = "PaymentService", "PaymentService", "{3BB03980-550E-4190-AE13-7419DF3156B8}"
EndProject
Project("{FAE04EC0-301F-11D3-BF4B-00C04F79EFBC}") = "PaymentService.Api", "src\Services\PaymentService\PaymentService.Api\PaymentService.Api.csproj", "{244DD544-00F1-4A49-94D8-78F21E0AD9B4}"
EndProject
Global
	GlobalSection(SolutionConfigurationPlatforms) = preSolution
		Debug|Any CPU = Debug|Any CPU
		Release|Any CPU = Release|Any CPU
	EndGlobalSection
	GlobalSection(ProjectConfigurationPlatforms) = postSolution
		{9E2AA5E9-332A-4582-AC22-B50DE2E02EA2}.Debug|Any CPU.ActiveCfg = Debug|Any CPU
		{9E2AA5E9-332A-4582-AC22-B50DE2E02EA2}.Debug|Any CPU.Build.0 = Debug|Any CPU
		{9E2AA5E9-332A-4582-AC22-B50DE2E02EA2}.Release|Any CPU.ActiveCfg = Release|Any CPU
		{9E2AA5E9-332A-4582-AC22-B50DE2E02EA2}.Release|Any CPU.Build.0 = Release|Any CPU
		{C9927368-9D94-43C2-AF14-D6343EB32027}.Debug|Any CPU.ActiveCfg = Debug|Any CPU
		{C9927368-9D94-43C2-AF14-D6343EB32027}.Debug|Any CPU.Build.0 = Debug|Any CPU
		{C9927368-9D94-43C2-AF14-D6343EB32027}.Release|Any CPU.ActiveCfg = Release|Any CPU
		{C9927368-9D94-43C2-AF14-D6343EB32027}.Release|Any CPU.Build.0 = Release|Any CPU
		{AB96A688-D9DC-467D-9615-2DA2E983FDF1}.Debug|Any CPU.ActiveCfg = Debug|Any CPU
		{AB96A688-D9DC-467D-9615-2DA2E983FDF1}.Debug|Any CPU.Build.0 = Debug|Any CPU
		{AB96A688-D9DC-467D-9615-2DA2E983FDF1}.Release|Any CPU.ActiveCfg = Release|Any CPU
		{AB96A688-D9DC-467D-9615-2DA2E983FDF1}.Release|Any CPU.Build.0 = Release|Any CPU
		{B1DB6E37-9360-470F-AC5D-618FD97A338C}.Debug|Any CPU.ActiveCfg = Debug|Any CPU
		{B1DB6E37-9360-470F-AC5D-618FD97A338C}.Debug|Any CPU.Build.0 = Debug|Any CPU
		{B1DB6E37-9360-470F-AC5D-618FD97A338C}.Release|Any CPU.ActiveCfg = Release|Any CPU
		{B1DB6E37-9360-470F-AC5D-618FD97A338C}.Release|Any CPU.Build.0 = Release|Any CPU
		{2721A275-A21B-46AA-8012-8A02080144ED}.Debug|Any CPU.ActiveCfg = Debug|Any CPU
		{2721A275-A21B-46AA-8012-8A02080144ED}.Debug|Any CPU.Build.0 = Debug|Any CPU
		{2721A275-A21B-46AA-8012-8A02080144ED}.Release|Any CPU.ActiveCfg = Release|Any CPU
		{2721A275-A21B-46AA-8012-8A02080144ED}.Release|Any CPU.Build.0 = Release|Any CPU
		{B85A69C9-F265-4F59-AF4E-F110F9EB8836}.Debug|Any CPU.ActiveCfg = Debug|Any CPU
		{B85A69C9-F265-4F59-AF4E-F110F9EB8836}.Debug|Any CPU.Build.0 = Debug|Any CPU
		{B85A69C9-F265-4F59-AF4E-F110F9EB8836}.Release|Any CPU.ActiveCfg = Release|Any CPU
		{B85A69C9-F265-4F59-AF4E-F110F9EB8836}.Release|Any CPU.Build.0 = Release|Any CPU
		{4D912ADA-9935-4258-948D-FB46E9858E86}.Debug|Any CPU.ActiveCfg = Debug|Any CPU
		{4D912ADA-9935-4258-948D-FB46E9858E86}.Debug|Any CPU.Build.0 = Debug|Any CPU
		{4D912ADA-9935-4258-948D-FB46E9858E86}.Release|Any CPU.ActiveCfg = Release|Any CPU
		{4D912ADA-9935-4258-948D-FB46E9858E86}.Release|Any CPU.Build.0 = Release|Any CPU
		{0503F7ED-E658-47BA-A06E-01BF31B7E235}.Debug|Any CPU.ActiveCfg = Debug|Any CPU
		{0503F7ED-E658-47BA-A06E-01BF31B7E235}.Debug|Any CPU.Build.0 = Debug|Any CPU
		{0503F7ED-E658-47BA-A06E-01BF31B7E235}.Release|Any CPU.ActiveCfg = Release|Any CPU
		{0503F7ED-E658-47BA-A06E-01BF31B7E235}.Release|Any CPU.Build.0 = Release|Any CPU
		{C93E9E0F-F1E3-4771-ACB0-D3A4374C822C}.Debug|Any CPU.ActiveCfg = Debug|Any CPU
		{C93E9E0F-F1E3-4771-ACB0-D3A4374C822C}.Debug|Any CPU.Build.0 = Debug|Any CPU
		{C93E9E0F-F1E3-4771-ACB0-D3A4374C822C}.Release|Any CPU.ActiveCfg = Release|Any CPU
		{C93E9E0F-F1E3-4771-ACB0-D3A4374C822C}.Release|Any CPU.Build.0 = Release|Any CPU
		{1273D6C9-1552-4585-AE4F-65BED09F76B8}.Debug|Any CPU.ActiveCfg = Debug|Any CPU
		{1273D6C9-1552-4585-AE4F-65BED09F76B8}.Debug|Any CPU.Build.0 = Debug|Any CPU
		{1273D6C9-1552-4585-AE4F-65BED09F76B8}.Release|Any CPU.ActiveCfg = Release|Any CPU
		{1273D6C9-1552-4585-AE4F-65BED09F76B8}.Release|Any CPU.Build.0 = Release|Any CPU
		{CAC27389-1017-4A2F-AC62-1EE697C1C361}.Debug|Any CPU.ActiveCfg = Debug|Any CPU
		{CAC27389-1017-4A2F-AC62-1EE697C1C361}.Debug|Any CPU.Build.0 = Debug|Any CPU
		{CAC27389-1017-4A2F-AC62-1EE697C1C361}.Release|Any CPU.ActiveCfg = Release|Any CPU
		{CAC27389-1017-4A2F-AC62-1EE697C1C361}.Release|Any CPU.Build.0 = Release|Any CPU
		{6FF7C917-3508-47C4-AA87-367EE4E02EFB}.Debug|Any CPU.ActiveCfg = Debug|Any CPU
		{6FF7C917-3508-47C4-AA87-367EE4E02EFB}.Debug|Any CPU.Build.0 = Debug|Any CPU
		{6FF7C917-3508-47C4-AA87-367EE4E02EFB}.Release|Any CPU.ActiveCfg = Release|Any CPU
		{6FF7C917-3508-47C4-AA87-367EE4E02EFB}.Release|Any CPU.Build.0 = Release|Any CPU
		{FBB7453D-28B8-4171-BE96-19BD180ABDA6}.Debug|Any CPU.ActiveCfg = Debug|Any CPU
		{FBB7453D-28B8-4171-BE96-19BD180ABDA6}.Debug|Any CPU.Build.0 = Debug|Any CPU
		{FBB7453D-28B8-4171-BE96-19BD180ABDA6}.Release|Any CPU.ActiveCfg = Release|Any CPU
		{FBB7453D-28B8-4171-BE96-19BD180ABDA6}.Release|Any CPU.Build.0 = Release|Any CPU
		{ECDEBE1A-55F5-4684-BDEB-7BB3FBBEEC90}.Debug|Any CPU.ActiveCfg = Debug|Any CPU
		{ECDEBE1A-55F5-4684-BDEB-7BB3FBBEEC90}.Debug|Any CPU.Build.0 = Debug|Any CPU
		{ECDEBE1A-55F5-4684-BDEB-7BB3FBBEEC90}.Release|Any CPU.ActiveCfg = Release|Any CPU
		{ECDEBE1A-55F5-4684-BDEB-7BB3FBBEEC90}.Release|Any CPU.Build.0 = Release|Any CPU
		{244DD544-00F1-4A49-94D8-78F21E0AD9B4}.Debug|Any CPU.ActiveCfg = Debug|Any CPU
		{244DD544-00F1-4A49-94D8-78F21E0AD9B4}.Debug|Any CPU.Build.0 = Debug|Any CPU
		{244DD544-00F1-4A49-94D8-78F21E0AD9B4}.Release|Any CPU.ActiveCfg = Release|Any CPU
		{244DD544-00F1-4A49-94D8-78F21E0AD9B4}.Release|Any CPU.Build.0 = Release|Any CPU
	EndGlobalSection
	GlobalSection(SolutionProperties) = preSolution
		HideSolutionNode = FALSE
	EndGlobalSection
	GlobalSection(NestedProjects) = preSolution
		{30CA5DFB-FF43-48D5-BDC1-CF25663EDC14} = {84058326-E5B2-4E65-9F0A-5A9E2960CC7B}
		{03AA8D1E-BD17-445D-A083-1DF354646A08} = {84058326-E5B2-4E65-9F0A-5A9E2960CC7B}
		{1429A994-ECF8-4E16-9730-C7780BDA764D} = {84058326-E5B2-4E65-9F0A-5A9E2960CC7B}
		{99789F26-4FFF-46C2-B7F0-182D06E07FE8} = {84058326-E5B2-4E65-9F0A-5A9E2960CC7B}
		{654EA20C-5220-4A65-AE10-77CC639B2E5F} = {30CA5DFB-FF43-48D5-BDC1-CF25663EDC14}
		{9E2AA5E9-332A-4582-AC22-B50DE2E02EA2} = {654EA20C-5220-4A65-AE10-77CC639B2E5F}
		{BAB4A54C-5079-4667-9E51-20862F18FFDB} = {03AA8D1E-BD17-445D-A083-1DF354646A08}
		{C9927368-9D94-43C2-AF14-D6343EB32027} = {BAB4A54C-5079-4667-9E51-20862F18FFDB}
		{AB96A688-D9DC-467D-9615-2DA2E983FDF1} = {BAB4A54C-5079-4667-9E51-20862F18FFDB}
		{B1DB6E37-9360-470F-AC5D-618FD97A338C} = {BAB4A54C-5079-4667-9E51-20862F18FFDB}
		{2721A275-A21B-46AA-8012-8A02080144ED} = {BAB4A54C-5079-4667-9E51-20862F18FFDB}
		{94DBFBEF-7618-4373-AFD1-F4E85D208D34} = {99789F26-4FFF-46C2-B7F0-182D06E07FE8}
		{B85A69C9-F265-4F59-AF4E-F110F9EB8836} = {94DBFBEF-7618-4373-AFD1-F4E85D208D34}
		{2EB264C7-912A-4B61-A743-395A00AD7B40} = {1429A994-ECF8-4E16-9730-C7780BDA764D}
		{4D912ADA-9935-4258-948D-FB46E9858E86} = {2EB264C7-912A-4B61-A743-395A00AD7B40}
		{27D6999B-5215-4F75-A6FB-41B6EC2615AF} = {1429A994-ECF8-4E16-9730-C7780BDA764D}
		{0503F7ED-E658-47BA-A06E-01BF31B7E235} = {27D6999B-5215-4F75-A6FB-41B6EC2615AF}
		{5DBF7E72-B9E0-4C33-8BAD-0F20DA767518} = {1429A994-ECF8-4E16-9730-C7780BDA764D}
		{C93E9E0F-F1E3-4771-ACB0-D3A4374C822C} = {5DBF7E72-B9E0-4C33-8BAD-0F20DA767518}
		{AAE40C62-403F-4F47-A070-211D0A8DC310} = {1429A994-ECF8-4E16-9730-C7780BDA764D}
		{1273D6C9-1552-4585-AE4F-65BED09F76B8} = {AAE40C62-403F-4F47-A070-211D0A8DC310}
		{73ADFA99-2A14-473F-A683-0EC89E0348A4} = {1429A994-ECF8-4E16-9730-C7780BDA764D}
		{CAC27389-1017-4A2F-AC62-1EE697C1C361} = {73ADFA99-2A14-473F-A683-0EC89E0348A4}
		{6FF7C917-3508-47C4-AA87-367EE4E02EFB} = {73ADFA99-2A14-473F-A683-0EC89E0348A4}
		{FBB7453D-28B8-4171-BE96-19BD180ABDA6} = {73ADFA99-2A14-473F-A683-0EC89E0348A4}
		{ECDEBE1A-55F5-4684-BDEB-7BB3FBBEEC90} = {73ADFA99-2A14-473F-A683-0EC89E0348A4}
		{3BB03980-550E-4190-AE13-7419DF3156B8} = {1429A994-ECF8-4E16-9730-C7780BDA764D}
		{244DD544-00F1-4A49-94D8-78F21E0AD9B4} = {3BB03980-550E-4190-AE13-7419DF3156B8}
	EndGlobalSection
	GlobalSection(ExtensibilityGlobals) = postSolution
		SolutionGuid = {5E35484C-3F9F-4C05-B1D3-B68EFE357B40}
	EndGlobalSection
EndGlobal
